# THIS IS AN AUTOGENERATED FILE. DO NOT EDIT THIS FILE DIRECTLY.
# yarn lockfile v1


"@lottiefiles/dotlottie-web@^0.49.0":
  version "0.49.0"
  resolved "https://registry.yarnpkg.com/@lottiefiles/dotlottie-web/-/dotlottie-web-0.49.0.tgz#e5fe58d9423b3287084cb100a5997bbc7b3423bc"
  integrity sha512-SQ8sDrUrGMM24QWjs0n863SKobMSB9Plz8gbte9RYnLc4TfmQoWxjFgGBTlbGnh/aTQvtpxOxX2ueBohCsCaRQ==

lottie-web@^5.13.0:
  version "5.13.0"
  resolved "https://registry.yarnpkg.com/lottie-web/-/lottie-web-5.13.0.tgz#441d3df217cc8ba302338c3f168e1a3af0f221d3"
  integrity sha512-+gfBXl6sxXMPe8tKQm7qzLnUy5DUPJPKIyRHwtpCpyUEYjHYRJC/5gjUvdkuO2c3JllrPtHXH5UJJK8LRYl5yQ==
